
Microsoft Visual Studio Solution File, Format Version 12.00
# Visual Studio Version 17
VisualStudioVersion = 17.8.34511.84
MinimumVisualStudioVersion = 10.0.40219.1
Project("{9A19103F-16F7-4668-BE54-9A1E7A4F7556}") = "RealEstate.Api", "RealEstate.Api\RealEstate.Api.csproj", "{D359F749-3E8B-4F8A-A286-F1D71706F9DB}"
EndProject
Project("{9A19103F-16F7-4668-BE54-9A1E7A4F7556}") = "RealEstate.Application", "RealEstate.Application\RealEstate.Application.csproj", "{997ADE8D-5BD2-466C-AC08-1F0E33DA8CAE}"
EndProject
Project("{9A19103F-16F7-4668-BE54-9A1E7A4F7556}") = "RealEstate.Contract", "RealEstate.Contract\RealEstate.Contract.csproj", "{E60A3715-C76E-40CE-9175-06AEFF9DE28F}"
EndProject
Project("{9A19103F-16F7-4668-BE54-9A1E7A4F7556}") = "RealEstate.Domain", "RealEstate.Domain\RealEstate.Domain.csproj", "{5D028233-41A6-48A9-94A4-4C2926217DFF}"
EndProject
Project("{9A19103F-16F7-4668-BE54-9A1E7A4F7556}") = "RealEstate.Infrastructure", "RealEstate.Infrastructure\RealEstate.Infrastructure.csproj", "{6D4ABE13-6FCD-4B04-8F85-B7DFBB267DF6}"
EndProject
Project("{9A19103F-16F7-4668-BE54-9A1E7A4F7556}") = "RealEstate.Tests", "RealEstate.Tests\RealEstate.Tests.csproj", "{5E13A9CF-1C33-4236-839F-D3F31684C192}"
EndProject
Global
	GlobalSection(SolutionConfigurationPlatforms) = preSolution
		Debug|Any CPU = Debug|Any CPU
		Release|Any CPU = Release|Any CPU
	EndGlobalSection
	GlobalSection(ProjectConfigurationPlatforms) = postSolution
		{D359F749-3E8B-4F8A-A286-F1D71706F9DB}.Debug|Any CPU.ActiveCfg = Debug|Any CPU
		{D359F749-3E8B-4F8A-A286-F1D71706F9DB}.Debug|Any CPU.Build.0 = Debug|Any CPU
		{D359F749-3E8B-4F8A-A286-F1D71706F9DB}.Release|Any CPU.ActiveCfg = Release|Any CPU
		{D359F749-3E8B-4F8A-A286-F1D71706F9DB}.Release|Any CPU.Build.0 = Release|Any CPU
		{997ADE8D-5BD2-466C-AC08-1F0E33DA8CAE}.Debug|Any CPU.ActiveCfg = Debug|Any CPU
		{997ADE8D-5BD2-466C-AC08-1F0E33DA8CAE}.Debug|Any CPU.Build.0 = Debug|Any CPU
		{997ADE8D-5BD2-466C-AC08-1F0E33DA8CAE}.Release|Any CPU.ActiveCfg = Release|Any CPU
		{997ADE8D-5BD2-466C-AC08-1F0E33DA8CAE}.Release|Any CPU.Build.0 = Release|Any CPU
		{E60A3715-C76E-40CE-9175-06AEFF9DE28F}.Debug|Any CPU.ActiveCfg = Debug|Any CPU
		{E60A3715-C76E-40CE-9175-06AEFF9DE28F}.Debug|Any CPU.Build.0 = Debug|Any CPU
		{E60A3715-C76E-40CE-9175-06AEFF9DE28F}.Release|Any CPU.ActiveCfg = Release|Any CPU
		{E60A3715-C76E-40CE-9175-06AEFF9DE28F}.Release|Any CPU.Build.0 = Release|Any CPU
		{5D028233-41A6-48A9-94A4-4C2926217DFF}.Debug|Any CPU.ActiveCfg = Debug|Any CPU
		{5D028233-41A6-48A9-94A4-4C2926217DFF}.Debug|Any CPU.Build.0 = Debug|Any CPU
		{5D028233-41A6-48A9-94A4-4C2926217DFF}.Release|Any CPU.ActiveCfg = Release|Any CPU
		{5D028233-41A6-48A9-94A4-4C2926217DFF}.Release|Any CPU.Build.0 = Release|Any CPU
		{6D4ABE13-6FCD-4B04-8F85-B7DFBB267DF6}.Debug|Any CPU.ActiveCfg = Debug|Any CPU
		{6D4ABE13-6FCD-4B04-8F85-B7DFBB267DF6}.Debug|Any CPU.Build.0 = Debug|Any CPU
		{6D4ABE13-6FCD-4B04-8F85-B7DFBB267DF6}.Release|Any CPU.ActiveCfg = Release|Any CPU
		{6D4ABE13-6FCD-4B04-8F85-B7DFBB267DF6}.Release|Any CPU.Build.0 = Release|Any CPU
		{5E13A9CF-1C33-4236-839F-D3F31684C192}.Debug|Any CPU.ActiveCfg = Debug|Any CPU
		{5E13A9CF-1C33-4236-839F-D3F31684C192}.Debug|Any CPU.Build.0 = Debug|Any CPU
		{5E13A9CF-1C33-4236-839F-D3F31684C192}.Release|Any CPU.ActiveCfg = Release|Any CPU
		{5E13A9CF-1C33-4236-839F-D3F31684C192}.Release|Any CPU.Build.0 = Release|Any CPU
	EndGlobalSection
	GlobalSection(SolutionProperties) = preSolution
		HideSolutionNode = FALSE
	EndGlobalSection
	GlobalSection(ExtensibilityGlobals) = postSolution
		SolutionGuid = {D4BAF7EF-938B-48CD-B2E8-B5CD81F0BA7A}
	EndGlobalSection
EndGlobal
